
Microsoft Visual Studio Solution File, Format Version 12.00
# Visual Studio Version 16
VisualStudioVersion = 16.0.32413.511
MinimumVisualStudioVersion = 10.0.40219.1
Project("{FAE04EC0-301F-11D3-BF4B-00C04F79EFBC}") = "WebApi_Colleague", "WebApi_Colleague\WebApi_Colleague.csproj", "{E945A934-98D8-4153-9D8E-7F820A98E493}"
EndProject
Global
	GlobalSection(SolutionConfigurationPlatforms) = preSolution
		Debug|Any CPU = Debug|Any CPU
		Release|Any CPU = Release|Any CPU
	EndGlobalSection
	GlobalSection(ProjectConfigurationPlatforms) = postSolution
		{E945A934-98D8-4153-9D8E-7F820A98E493}.Debug|Any CPU.ActiveCfg = Debug|Any CPU
		{E945A934-98D8-4153-9D8E-7F820A98E493}.Debug|Any CPU.Build.0 = Debug|Any CPU
		{E945A934-98D8-4153-9D8E-7F820A98E493}.Release|Any CPU.ActiveCfg = Release|Any CPU
		{E945A934-98D8-4153-9D8E-7F820A98E493}.Release|Any CPU.Build.0 = Release|Any CPU
	EndGlobalSection
	GlobalSection(SolutionProperties) = preSolution
		HideSolutionNode = FALSE
	EndGlobalSection
	GlobalSection(ExtensibilityGlobals) = postSolution
		SolutionGuid = {680B1B26-8105-42AE-99E9-226B4B63E0CA}
	EndGlobalSection
EndGlobal
